// !$*UTF8*$!
{
	archiveVersion = 1;
	classes = {
	};
	objectVersion = 77;
	objects = {

/* Begin PBXBuildFile section */
		E54C5C5E2D1333DC00EE830D /* WidgetKit.framework in Frameworks */ = {isa = PBXBuildFile; fileRef = E54C5C5D2D1333DC00EE830D /* WidgetKit.framework */; };
		E54C5C602D1333DC00EE830D /* SwiftUI.framework in Frameworks */ = {isa = PBXBuildFile; fileRef = E54C5C5F2D1333DC00EE830D /* SwiftUI.framework */; };
		E54C5C6B2D1333DE00EE830D /* holewidgetExtension.appex in Embed Foundation Extensions */ = {isa = PBXBuildFile; fileRef = E54C5C5B2D1333DC00EE830D /* holewidgetExtension.appex */; settings = {ATTRIBUTES = (RemoveHeadersOnCopy, ); }; };
/* End PBXBuildFile section */

/* Begin PBXContainerItemProxy section */
		E54C5C692D1333DE00EE830D /* PBXContainerItemProxy */ = {
			isa = PBXContainerItemProxy;
			containerPortal = E54C5C362D132A7C00EE830D /* Project object */;
			proxyType = 1;
			remoteGlobalIDString = E54C5C5A2D1333DC00EE830D;
			remoteInfo = holewidgetExtension;
		};
/* End PBXContainerItemProxy section */

/* Begin PBXCopyFilesBuildPhase section */
		E54C5C702D1333DE00EE830D /* Embed Foundation Extensions */ = {
			isa = PBXCopyFilesBuildPhase;
			buildActionMask = 2147483647;
			dstPath = "";
			dstSubfolderSpec = 13;
			files = (
				E54C5C6B2D1333DE00EE830D /* holewidgetExtension.appex in Embed Foundation Extensions */,
			);
			name = "Embed Foundation Extensions";
			runOnlyForDeploymentPostprocessing = 0;
		};
/* End PBXCopyFilesBuildPhase section */

/* Begin PBXFileReference section */
		E54C5C3E2D132A7C00EE830D /* RabbitHole.app */ = {isa = PBXFileReference; explicitFileType = wrapper.application; includeInIndex = 0; path = RabbitHole.app; sourceTree = BUILT_PRODUCTS_DIR; };
		E54C5C5B2D1333DC00EE830D /* holewidgetExtension.appex */ = {isa = PBXFileReference; explicitFileType = "wrapper.app-extension"; includeInIndex = 0; path = holewidgetExtension.appex; sourceTree = BUILT_PRODUCTS_DIR; };
		E54C5C5D2D1333DC00EE830D /* WidgetKit.framework */ = {isa = PBXFileReference; lastKnownFileType = wrapper.framework; name = WidgetKit.framework; path = System/Library/Frameworks/WidgetKit.framework; sourceTree = SDKROOT; };
		E54C5C5F2D1333DC00EE830D /* SwiftUI.framework */ = {isa = PBXFileReference; lastKnownFileType = wrapper.framework; name = SwiftUI.framework; path = System/Library/Frameworks/SwiftUI.framework; sourceTree = SDKROOT; };
		E54C5C722D13344B00EE830D /* holewidgetExtension.entitlements */ = {isa = PBXFileReference; lastKnownFileType = text.plist.entitlements; path = holewidgetExtension.entitlements; sourceTree = "<group>"; };
/* End PBXFileReference section */

/* Begin PBXFileSystemSynchronizedBuildFileExceptionSet section */
		E54C5C6C2D1333DE00EE830D /* Exceptions for "holewidget" folder in "holewidgetExtension" target */ = {
			isa = PBXFileSystemSynchronizedBuildFileExceptionSet;
			membershipExceptions = (
				Info.plist,
			);
			target = E54C5C5A2D1333DC00EE830D /* holewidgetExtension */;
		};
		E54C5C842D13402000EE830D /* Exceptions for "RabbitHole" folder in "holewidgetExtension" target */ = {
			isa = PBXFileSystemSynchronizedBuildFileExceptionSet;
			membershipExceptions = (
				Data.swift,
				HoleTrackers.swift,
			);
			target = E54C5C5A2D1333DC00EE830D /* holewidgetExtension */;
		};
/* End PBXFileSystemSynchronizedBuildFileExceptionSet section */

/* Begin PBXFileSystemSynchronizedRootGroup section */
		E54C5C402D132A7C00EE830D /* RabbitHole */ = {
			isa = PBXFileSystemSynchronizedRootGroup;
			exceptions = (
				E54C5C842D13402000EE830D /* Exceptions for "RabbitHole" folder in "holewidgetExtension" target */,
			);
			path = RabbitHole;
			sourceTree = "<group>";
		};
		E54C5C612D1333DC00EE830D /* holewidget */ = {
			isa = PBXFileSystemSynchronizedRootGroup;
			exceptions = (
				E54C5C6C2D1333DE00EE830D /* Exceptions for "holewidget" folder in "holewidgetExtension" target */,
			);
			path = holewidget;
			sourceTree = "<group>";
		};
		E5C082CD2D13566E00DC6114 /* Screens */ = {
			isa = PBXFileSystemSynchronizedRootGroup;
			path = Screens;
			sourceTree = "<group>";
		};
/* End PBXFileSystemSynchronizedRootGroup section */

/* Begin PBXFrameworksBuildPhase section */
		E54C5C3B2D132A7C00EE830D /* Frameworks */ = {
			isa = PBXFrameworksBuildPhase;
			buildActionMask = 2147483647;
			files = (
			);
			runOnlyForDeploymentPostprocessing = 0;
		};
		E54C5C582D1333DC00EE830D /* Frameworks */ = {
			isa = PBXFrameworksBuildPhase;
			buildActionMask = 2147483647;
			files = (
				E54C5C602D1333DC00EE830D /* SwiftUI.framework in Frameworks */,
				E54C5C5E2D1333DC00EE830D /* WidgetKit.framework in Frameworks */,
			);
			runOnlyForDeploymentPostprocessing = 0;
		};
/* End PBXFrameworksBuildPhase section */

/* Begin PBXGroup section */
		E54C5C352D132A7C00EE830D = {
			isa = PBXGroup;
			children = (
				E5C082CD2D13566E00DC6114 /* Screens */,
				E54C5C722D13344B00EE830D /* holewidgetExtension.entitlements */,
				E54C5C402D132A7C00EE830D /* RabbitHole */,
				E54C5C612D1333DC00EE830D /* holewidget */,
				E54C5C5C2D1333DC00EE830D /* Frameworks */,
				E54C5C3F2D132A7C00EE830D /* Products */,
			);
			sourceTree = "<group>";
		};
		E54C5C3F2D132A7C00EE830D /* Products */ = {
			isa = PBXGroup;
			children = (
				E54C5C3E2D132A7C00EE830D /* RabbitHole.app */,
				E54C5C5B2D1333DC00EE830D /* holewidgetExtension.appex */,
			);
			name = Products;
			sourceTree = "<group>";
		};
		E54C5C5C2D1333DC00EE830D /* Frameworks */ = {
			isa = PBXGroup;
			children = (
				E54C5C5D2D1333DC00EE830D /* WidgetKit.framework */,
				E54C5C5F2D1333DC00EE830D /* SwiftUI.framework */,
			);
			name = Frameworks;
			sourceTree = "<group>";
		};
/* End PBXGroup section */

/* Begin PBXNativeTarget section */
		E54C5C3D2D132A7C00EE830D /* RabbitHole */ = {
			isa = PBXNativeTarget;
			buildConfigurationList = E54C5C4C2D132A7D00EE830D /* Build configuration list for PBXNativeTarget "RabbitHole" */;
			buildPhases = (
				E54C5C3A2D132A7C00EE830D /* Sources */,
				E54C5C3B2D132A7C00EE830D /* Frameworks */,
				E54C5C3C2D132A7C00EE830D /* Resources */,
				E54C5C702D1333DE00EE830D /* Embed Foundation Extensions */,
			);
			buildRules = (
			);
			dependencies = (
				E54C5C6A2D1333DE00EE830D /* PBXTargetDependency */,
			);
			fileSystemSynchronizedGroups = (
				E54C5C402D132A7C00EE830D /* RabbitHole */,
				E5C082CD2D13566E00DC6114 /* Screens */,
			);
			name = RabbitHole;
			packageProductDependencies = (
			);
			productName = RabbitHole;
			productReference = E54C5C3E2D132A7C00EE830D /* RabbitHole.app */;
			productType = "com.apple.product-type.application";
		};
		E54C5C5A2D1333DC00EE830D /* holewidgetExtension */ = {
			isa = PBXNativeTarget;
			buildConfigurationList = E54C5C6D2D1333DE00EE830D /* Build configuration list for PBXNativeTarget "holewidgetExtension" */;
			buildPhases = (
				E54C5C572D1333DC00EE830D /* Sources */,
				E54C5C582D1333DC00EE830D /* Frameworks */,
				E54C5C592D1333DC00EE830D /* Resources */,
			);
			buildRules = (
			);
			dependencies = (
			);
			fileSystemSynchronizedGroups = (
				E54C5C612D1333DC00EE830D /* holewidget */,
			);
			name = holewidgetExtension;
			packageProductDependencies = (
			);
			productName = holewidgetExtension;
			productReference = E54C5C5B2D1333DC00EE830D /* holewidgetExtension.appex */;
			productType = "com.apple.product-type.app-extension";
		};
/* End PBXNativeTarget section */

/* Begin PBXProject section */
		E54C5C362D132A7C00EE830D /* Project object */ = {
			isa = PBXProject;
			attributes = {
				BuildIndependentTargetsInParallel = 1;
				LastSwiftUpdateCheck = 1600;
				LastUpgradeCheck = 1600;
				TargetAttributes = {
					E54C5C3D2D132A7C00EE830D = {
						CreatedOnToolsVersion = 16.0;
					};
					E54C5C5A2D1333DC00EE830D = {
						CreatedOnToolsVersion = 16.0;
					};
				};
			};
			buildConfigurationList = E54C5C392D132A7C00EE830D /* Build configuration list for PBXProject "RabbitHole" */;
			developmentRegion = en;
			hasScannedForEncodings = 0;
			knownRegions = (
				en,
				Base,
			);
			mainGroup = E54C5C352D132A7C00EE830D;
			minimizedProjectReferenceProxies = 1;
			preferredProjectObjectVersion = 77;
			productRefGroup = E54C5C3F2D132A7C00EE830D /* Products */;
			projectDirPath = "";
			projectRoot = "";
			targets = (
				E54C5C3D2D132A7C00EE830D /* RabbitHole */,
				E54C5C5A2D1333DC00EE830D /* holewidgetExtension */,
			);
		};
/* End PBXProject section */

/* Begin PBXResourcesBuildPhase section */
		E54C5C3C2D132A7C00EE830D /* Resources */ = {
			isa = PBXResourcesBuildPhase;
			buildActionMask = 2147483647;
			files = (
			);
			runOnlyForDeploymentPostprocessing = 0;
		};
		E54C5C592D1333DC00EE830D /* Resources */ = {
			isa = PBXResourcesBuildPhase;
			buildActionMask = 2147483647;
			files = (
			);
			runOnlyForDeploymentPostprocessing = 0;
		};
/* End PBXResourcesBuildPhase section */

/* Begin PBXSourcesBuildPhase section */
		E54C5C3A2D132A7C00EE830D /* Sources */ = {
			isa = PBXSourcesBuildPhase;
			buildActionMask = 2147483647;
			files = (
			);
			runOnlyForDeploymentPostprocessing = 0;
		};
		E54C5C572D1333DC00EE830D /* Sources */ = {
			isa = PBXSourcesBuildPhase;
			buildActionMask = 2147483647;
			files = (
			);
			runOnlyForDeploymentPostprocessing = 0;
		};
/* End PBXSourcesBuildPhase section */

/* Begin PBXTargetDependency section */
		E54C5C6A2D1333DE00EE830D /* PBXTargetDependency */ = {
			isa = PBXTargetDependency;
			target = E54C5C5A2D1333DC00EE830D /* holewidgetExtension */;
			targetProxy = E54C5C692D1333DE00EE830D /* PBXContainerItemProxy */;
		};
/* End PBXTargetDependency section */

/* Begin XCBuildConfiguration section */
		E54C5C4A2D132A7D00EE830D /* Debug */ = {
			isa = XCBuildConfiguration;
			buildSettings = {
				ALWAYS_SEARCH_USER_PATHS = NO;
				ASSETCATALOG_COMPILER_GENERATE_SWIFT_ASSET_SYMBOL_EXTENSIONS = YES;
				CLANG_ANALYZER_NONNULL = YES;
				CLANG_ANALYZER_NUMBER_OBJECT_CONVERSION = YES_AGGRESSIVE;
				CLANG_CXX_LANGUAGE_STANDARD = "gnu++20";
				CLANG_ENABLE_MODULES = YES;
				CLANG_ENABLE_OBJC_ARC = YES;
				CLANG_ENABLE_OBJC_WEAK = YES;
				CLANG_WARN_BLOCK_CAPTURE_AUTORELEASING = YES;
				CLANG_WARN_BOOL_CONVERSION = YES;
				CLANG_WARN_COMMA = YES;
				CLANG_WARN_CONSTANT_CONVERSION = YES;
				CLANG_WARN_DEPRECATED_OBJC_IMPLEMENTATIONS = YES;
				CLANG_WARN_DIRECT_OBJC_ISA_USAGE = YES_ERROR;
				CLANG_WARN_DOCUMENTATION_COMMENTS = YES;
				CLANG_WARN_EMPTY_BODY = YES;
				CLANG_WARN_ENUM_CONVERSION = YES;
				CLANG_WARN_INFINITE_RECURSION = YES;
				CLANG_WARN_INT_CONVERSION = YES;
				CLANG_WARN_NON_LITERAL_NULL_CONVERSION = YES;
				CLANG_WARN_OBJC_IMPLICIT_RETAIN_SELF = YES;
				CLANG_WARN_OBJC_LITERAL_CONVERSION = YES;
				CLANG_WARN_OBJC_ROOT_CLASS = YES_ERROR;
				CLANG_WARN_QUOTED_INCLUDE_IN_FRAMEWORK_HEADER = YES;
				CLANG_WARN_RANGE_LOOP_ANALYSIS = YES;
				CLANG_WARN_STRICT_PROTOTYPES = YES;
				CLANG_WARN_SUSPICIOUS_MOVE = YES;
				CLANG_WARN_UNGUARDED_AVAILABILITY = YES_AGGRESSIVE;
				CLANG_WARN_UNREACHABLE_CODE = YES;
				CLANG_WARN__DUPLICATE_METHOD_MATCH = YES;
				COPY_PHASE_STRIP = NO;
				DEBUG_INFORMATION_FORMAT = dwarf;
				ENABLE_STRICT_OBJC_MSGSEND = YES;
				ENABLE_TESTABILITY = YES;
				ENABLE_USER_SCRIPT_SANDBOXING = YES;
				GCC_C_LANGUAGE_STANDARD = gnu17;
				GCC_DYNAMIC_NO_PIC = NO;
				GCC_NO_COMMON_BLOCKS = YES;
				GCC_OPTIMIZATION_LEVEL = 0;
				GCC_PREPROCESSOR_DEFINITIONS = (
					"DEBUG=1",
					"$(inherited)",
				);
				GCC_WARN_64_TO_32_BIT_CONVERSION = YES;
				GCC_WARN_ABOUT_RETURN_TYPE = YES_ERROR;
				GCC_WARN_UNDECLARED_SELECTOR = YES;
				GCC_WARN_UNINITIALIZED_AUTOS = YES_AGGRESSIVE;
				GCC_WARN_UNUSED_FUNCTION = YES;
				GCC_WARN_UNUSED_VARIABLE = YES;
				IPHONEOS_DEPLOYMENT_TARGET = 18.0;
				LOCALIZATION_PREFERS_STRING_CATALOGS = YES;
				MTL_ENABLE_DEBUG_INFO = INCLUDE_SOURCE;
				MTL_FAST_MATH = YES;
				ONLY_ACTIVE_ARCH = YES;
				SDKROOT = iphoneos;
				SWIFT_ACTIVE_COMPILATION_CONDITIONS = "DEBUG $(inherited)";
				SWIFT_OPTIMIZATION_LEVEL = "-Onone";
			};
			name = Debug;
		};
		E54C5C4B2D132A7D00EE830D /* Release */ = {
			isa = XCBuildConfiguration;
			buildSettings = {
				ALWAYS_SEARCH_USER_PATHS = NO;
				ASSETCATALOG_COMPILER_GENERATE_SWIFT_ASSET_SYMBOL_EXTENSIONS = YES;
				CLANG_ANALYZER_NONNULL = YES;
				CLANG_ANALYZER_NUMBER_OBJECT_CONVERSION = YES_AGGRESSIVE;
				CLANG_CXX_LANGUAGE_STANDARD = "gnu++20";
				CLANG_ENABLE_MODULES = YES;
				CLANG_ENABLE_OBJC_ARC = YES;
				CLANG_ENABLE_OBJC_WEAK = YES;
				CLANG_WARN_BLOCK_CAPTURE_AUTORELEASING = YES;
				CLANG_WARN_BOOL_CONVERSION = YES;
				CLANG_WARN_COMMA = YES;
				CLANG_WARN_CONSTANT_CONVERSION = YES;
				CLANG_WARN_DEPRECATED_OBJC_IMPLEMENTATIONS = YES;
				CLANG_WARN_DIRECT_OBJC_ISA_USAGE = YES_ERROR;
				CLANG_WARN_DOCUMENTATION_COMMENTS = YES;
				CLANG_WARN_EMPTY_BODY = YES;
				CLANG_WARN_ENUM_CONVERSION = YES;
				CLANG_WARN_INFINITE_RECURSION = YES;
				CLANG_WARN_INT_CONVERSION = YES;
				CLANG_WARN_NON_LITERAL_NULL_CONVERSION = YES;
				CLANG_WARN_OBJC_IMPLICIT_RETAIN_SELF = YES;
				CLANG_WARN_OBJC_LITERAL_CONVERSION = YES;
				CLANG_WARN_OBJC_ROOT_CLASS = YES_ERROR;
				CLANG_WARN_QUOTED_INCLUDE_IN_FRAMEWORK_HEADER = YES;
				CLANG_WARN_RANGE_LOOP_ANALYSIS = YES;
				CLANG_WARN_STRICT_PROTOTYPES = YES;
				CLANG_WARN_SUSPICIOUS_MOVE = YES;
				CLANG_WARN_UNGUARDED_AVAILABILITY = YES_AGGRESSIVE;
				CLANG_WARN_UNREACHABLE_CODE = YES;
				CLANG_WARN__DUPLICATE_METHOD_MATCH = YES;
				COPY_PHASE_STRIP = NO;
				DEBUG_INFORMATION_FORMAT = "dwarf-with-dsym";
				ENABLE_NS_ASSERTIONS = NO;
				ENABLE_STRICT_OBJC_MSGSEND = YES;
				ENABLE_USER_SCRIPT_SANDBOXING = YES;
				GCC_C_LANGUAGE_STANDARD = gnu17;
				GCC_NO_COMMON_BLOCKS = YES;
				GCC_WARN_64_TO_32_BIT_CONVERSION = YES;
				GCC_WARN_ABOUT_RETURN_TYPE = YES_ERROR;
				GCC_WARN_UNDECLARED_SELECTOR = YES;
				GCC_WARN_UNINITIALIZED_AUTOS = YES_AGGRESSIVE;
				GCC_WARN_UNUSED_FUNCTION = YES;
				GCC_WARN_UNUSED_VARIABLE = YES;
				IPHONEOS_DEPLOYMENT_TARGET = 18.0;
				LOCALIZATION_PREFERS_STRING_CATALOGS = YES;
				MTL_ENABLE_DEBUG_INFO = NO;
				MTL_FAST_MATH = YES;
				SDKROOT = iphoneos;
				SWIFT_COMPILATION_MODE = wholemodule;
				VALIDATE_PRODUCT = YES;
			};
			name = Release;
		};
		E54C5C4D2D132A7D00EE830D /* Debug */ = {
			isa = XCBuildConfiguration;
			buildSettings = {
				ASSETCATALOG_COMPILER_APPICON_NAME = AppIcon;
				ASSETCATALOG_COMPILER_GLOBAL_ACCENT_COLOR_NAME = AccentColor;
				CODE_SIGN_ENTITLEMENTS = RabbitHole/RabbitHole.entitlements;
				CODE_SIGN_STYLE = Automatic;
				CURRENT_PROJECT_VERSION = 1;
				DEVELOPMENT_ASSET_PATHS = "\"RabbitHole/Preview Content\"";
				DEVELOPMENT_TEAM = 3A97D54DHC;
				ENABLE_PREVIEWS = YES;
				GENERATE_INFOPLIST_FILE = YES;
				INFOPLIST_KEY_CFBundleDisplayName = "Rabbit Hole";
				INFOPLIST_KEY_UIApplicationSceneManifest_Generation = YES;
				INFOPLIST_KEY_UIApplicationSupportsIndirectInputEvents = YES;
				INFOPLIST_KEY_UILaunchScreen_Generation = YES;
				INFOPLIST_KEY_UISupportedInterfaceOrientations_iPad = "UIInterfaceOrientationPortrait UIInterfaceOrientationPortraitUpsideDown UIInterfaceOrientationLandscapeLeft UIInterfaceOrientationLandscapeRight";
				INFOPLIST_KEY_UISupportedInterfaceOrientations_iPhone = "UIInterfaceOrientationPortrait UIInterfaceOrientationLandscapeLeft UIInterfaceOrientationLandscapeRight";
				LD_RUNPATH_SEARCH_PATHS = (
					"$(inherited)",
					"@executable_path/Frameworks",
				);
				MARKETING_VERSION = 1.0;
				PRODUCT_BUNDLE_IDENTIFIER = com.rabbithole.hole.RabbitHole;
				PRODUCT_NAME = "$(TARGET_NAME)";
				SWIFT_EMIT_LOC_STRINGS = YES;
				SWIFT_VERSION = 5.0;
				TARGETED_DEVICE_FAMILY = "1,2";
			};
			name = Debug;
		};
		E54C5C4E2D132A7D00EE830D /* Release */ = {
			isa = XCBuildConfiguration;
			buildSettings = {
				ASSETCATALOG_COMPILER_APPICON_NAME = AppIcon;
				ASSETCATALOG_COMPILER_GLOBAL_ACCENT_COLOR_NAME = AccentColor;
				CODE_SIGN_ENTITLEMENTS = RabbitHole/RabbitHole.entitlements;
				CODE_SIGN_STYLE = Automatic;
				CURRENT_PROJECT_VERSION = 1;
				DEVELOPMENT_ASSET_PATHS = "\"RabbitHole/Preview Content\"";
				DEVELOPMENT_TEAM = 3A97D54DHC;
				ENABLE_PREVIEWS = YES;
				GENERATE_INFOPLIST_FILE = YES;
				INFOPLIST_KEY_CFBundleDisplayName = "Rabbit Hole";
				INFOPLIST_KEY_UIApplicationSceneManifest_Generation = YES;
				INFOPLIST_KEY_UIApplicationSupportsIndirectInputEvents = YES;
				INFOPLIST_KEY_UILaunchScreen_Generation = YES;
				INFOPLIST_KEY_UISupportedInterfaceOrientations_iPad = "UIInterfaceOrientationPortrait UIInterfaceOrientationPortraitUpsideDown UIInterfaceOrientationLandscapeLeft UIInterfaceOrientationLandscapeRight";
				INFOPLIST_KEY_UISupportedInterfaceOrientations_iPhone = "UIInterfaceOrientationPortrait UIInterfaceOrientationLandscapeLeft UIInterfaceOrientationLandscapeRight";
				LD_RUNPATH_SEARCH_PATHS = (
					"$(inherited)",
					"@executable_path/Frameworks",
				);
				MARKETING_VERSION = 1.0;
				PRODUCT_BUNDLE_IDENTIFIER = com.rabbithole.hole.RabbitHole;
				PRODUCT_NAME = "$(TARGET_NAME)";
				SWIFT_EMIT_LOC_STRINGS = YES;
				SWIFT_VERSION = 5.0;
				TARGETED_DEVICE_FAMILY = "1,2";
			};
			name = Release;
		};
		E54C5C6E2D1333DE00EE830D /* Debug */ = {
			isa = XCBuildConfiguration;
			buildSettings = {
				ASSETCATALOG_COMPILER_GLOBAL_ACCENT_COLOR_NAME = AccentColor;
				ASSETCATALOG_COMPILER_WIDGET_BACKGROUND_COLOR_NAME = WidgetBackground;
				CODE_SIGN_ENTITLEMENTS = holewidgetExtension.entitlements;
				CODE_SIGN_STYLE = Automatic;
				CURRENT_PROJECT_VERSION = 1;
				DEVELOPMENT_TEAM = 3A97D54DHC;
				GENERATE_INFOPLIST_FILE = YES;
				INFOPLIST_FILE = holewidget/Info.plist;
				INFOPLIST_KEY_CFBundleDisplayName = holewidget;
				INFOPLIST_KEY_NSHumanReadableCopyright = "";
				LD_RUNPATH_SEARCH_PATHS = (
					"$(inherited)",
					"@executable_path/Frameworks",
					"@executable_path/../../Frameworks",
				);
				MARKETING_VERSION = 1.0;
				PRODUCT_BUNDLE_IDENTIFIER = com.rabbithole.hole.RabbitHole.holewidget;
				PRODUCT_NAME = "$(TARGET_NAME)";
				SKIP_INSTALL = YES;
				SWIFT_EMIT_LOC_STRINGS = YES;
				SWIFT_VERSION = 5.0;
				TARGETED_DEVICE_FAMILY = "1,2";
			};
			name = Debug;
		};
		E54C5C6F2D1333DE00EE830D /* Release */ = {
			isa = XCBuildConfiguration;
			buildSettings = {
				ASSETCATALOG_COMPILER_GLOBAL_ACCENT_COLOR_NAME = AccentColor;
				ASSETCATALOG_COMPILER_WIDGET_BACKGROUND_COLOR_NAME = WidgetBackground;
				CODE_SIGN_ENTITLEMENTS = holewidgetExtension.entitlements;
				CODE_SIGN_STYLE = Automatic;
				CURRENT_PROJECT_VERSION = 1;
				DEVELOPMENT_TEAM = 3A97D54DHC;
				GENERATE_INFOPLIST_FILE = YES;
				INFOPLIST_FILE = holewidget/Info.plist;
				INFOPLIST_KEY_CFBundleDisplayName = holewidget;
				INFOPLIST_KEY_NSHumanReadableCopyright = "";
				LD_RUNPATH_SEARCH_PATHS = (
					"$(inherited)",
					"@executable_path/Frameworks",
					"@executable_path/../../Frameworks",
				);
				MARKETING_VERSION = 1.0;
				PRODUCT_BUNDLE_IDENTIFIER = com.rabbithole.hole.RabbitHole.holewidget;
				PRODUCT_NAME = "$(TARGET_NAME)";
				SKIP_INSTALL = YES;
				SWIFT_EMIT_LOC_STRINGS = YES;
				SWIFT_VERSION = 5.0;
				TARGETED_DEVICE_FAMILY = "1,2";
			};
			name = Release;
		};
/* End XCBuildConfiguration section */

/* Begin XCConfigurationList section */
		E54C5C392D132A7C00EE830D /* Build configuration list for PBXProject "RabbitHole" */ = {
			isa = XCConfigurationList;
			buildConfigurations = (
				E54C5C4A2D132A7D00EE830D /* Debug */,
				E54C5C4B2D132A7D00EE830D /* Release */,
			);
			defaultConfigurationIsVisible = 0;
			defaultConfigurationName = Release;
		};
		E54C5C4C2D132A7D00EE830D /* Build configuration list for PBXNativeTarget "RabbitHole" */ = {
			isa = XCConfigurationList;
			buildConfigurations = (
				E54C5C4D2D132A7D00EE830D /* Debug */,
				E54C5C4E2D132A7D00EE830D /* Release */,
			);
			defaultConfigurationIsVisible = 0;
			defaultConfigurationName = Release;
		};
		E54C5C6D2D1333DE00EE830D /* Build configuration list for PBXNativeTarget "holewidgetExtension" */ = {
			isa = XCConfigurationList;
			buildConfigurations = (
				E54C5C6E2D1333DE00EE830D /* Debug */,
				E54C5C6F2D1333DE00EE830D /* Release */,
			);
			defaultConfigurationIsVisible = 0;
			defaultConfigurationName = Release;
		};
/* End XCConfigurationList section */
	};
	rootObject = E54C5C362D132A7C00EE830D /* Project object */;
}
